
Microsoft Visual Studio Solution File, Format Version 12.00
# Visual Studio Version 16
VisualStudioVersion = 16.0.29025.244
MinimumVisualStudioVersion = 10.0.40219.1
Project("{FAE04EC0-301F-11D3-BF4B-00C04F79EFBC}") = "HealthAPI", "HealthAPI\HealthAPI.csproj", "{140655BA-B686-4420-B976-4EE7E0C7E061}"
EndProject
Global
	GlobalSection(SolutionConfigurationPlatforms) = preSolution
		Debug|Any CPU = Debug|Any CPU
		Release|Any CPU = Release|Any CPU
	EndGlobalSection
	GlobalSection(ProjectConfigurationPlatforms) = postSolution
		{140655BA-B686-4420-B976-4EE7E0C7E061}.Debug|Any CPU.ActiveCfg = Debug|Any CPU
		{140655BA-B686-4420-B976-4EE7E0C7E061}.Debug|Any CPU.Build.0 = Debug|Any CPU
		{140655BA-B686-4420-B976-4EE7E0C7E061}.Release|Any CPU.ActiveCfg = Release|Any CPU
		{140655BA-B686-4420-B976-4EE7E0C7E061}.Release|Any CPU.Build.0 = Release|Any CPU
	EndGlobalSection
	GlobalSection(SolutionProperties) = preSolution
		HideSolutionNode = FALSE
	EndGlobalSection
	GlobalSection(ExtensibilityGlobals) = postSolution
		SolutionGuid = {0B1C584A-6636-454F-B476-C4C103536652}
	EndGlobalSection
EndGlobal
